
Microsoft Visual Studio Solution File, Format Version 12.00
# Visual Studio Version 16
VisualStudioVersion = 16.0.33027.164
MinimumVisualStudioVersion = 10.0.40219.1
Project("{F184B08F-C81C-45F6-A57F-5ABD9991F28F}") = "ButtonProgrammatic", "ButtonProgrammatic.vbproj", "{E5891B43-B9AA-4502-B097-02B1941CDEBE}"
EndProject
Global
	GlobalSection(SolutionConfigurationPlatforms) = preSolution
		Debug|Any CPU = Debug|Any CPU
		Release|Any CPU = Release|Any CPU
	EndGlobalSection
	GlobalSection(ProjectConfigurationPlatforms) = postSolution
		{E5891B43-B9AA-4502-B097-02B1941CDEBE}.Debug|Any CPU.ActiveCfg = Debug|Any CPU
		{E5891B43-B9AA-4502-B097-02B1941CDEBE}.Debug|Any CPU.Build.0 = Debug|Any CPU
		{E5891B43-B9AA-4502-B097-02B1941CDEBE}.Release|Any CPU.ActiveCfg = Release|Any CPU
		{E5891B43-B9AA-4502-B097-02B1941CDEBE}.Release|Any CPU.Build.0 = Release|Any CPU
	EndGlobalSection
	GlobalSection(SolutionProperties) = preSolution
		HideSolutionNode = FALSE
	EndGlobalSection
	GlobalSection(ExtensibilityGlobals) = postSolution
		SolutionGuid = {16FB1145-FE92-4C84-B730-012D46BAF72E}
	EndGlobalSection
EndGlobal
